
Microsoft Visual Studio Solution File, Format Version 12.00
# Visual Studio Version 17
VisualStudioVersion = 17.3.32929.385
MinimumVisualStudioVersion = 10.0.40219.1
Project("{FAE04EC0-301F-11D3-BF4B-00C04F79EFBC}") = "API_Edutech30", "API_Edutech30\API_Edutech30.csproj", "{8F332F9C-6760-48E6-AB89-7D5F6EA292A5}"
EndProject
Global
	GlobalSection(SolutionConfigurationPlatforms) = preSolution
		Debug|Any CPU = Debug|Any CPU
		Release|Any CPU = Release|Any CPU
	EndGlobalSection
	GlobalSection(ProjectConfigurationPlatforms) = postSolution
		{8F332F9C-6760-48E6-AB89-7D5F6EA292A5}.Debug|Any CPU.ActiveCfg = Debug|Any CPU
		{8F332F9C-6760-48E6-AB89-7D5F6EA292A5}.Debug|Any CPU.Build.0 = Debug|Any CPU
		{8F332F9C-6760-48E6-AB89-7D5F6EA292A5}.Release|Any CPU.ActiveCfg = Release|Any CPU
		{8F332F9C-6760-48E6-AB89-7D5F6EA292A5}.Release|Any CPU.Build.0 = Release|Any CPU
	EndGlobalSection
	GlobalSection(SolutionProperties) = preSolution
		HideSolutionNode = FALSE
	EndGlobalSection
	GlobalSection(ExtensibilityGlobals) = postSolution
		SolutionGuid = {482C299A-AF1F-4BBB-89F0-3D11D93C2422}
	EndGlobalSection
EndGlobal
